
Microsoft Visual Studio Solution File, Format Version 12.00
# Visual Studio Version 16
VisualStudioVersion = 16.0.31005.135
MinimumVisualStudioVersion = 10.0.40219.1
Project("{FAE04EC0-301F-11D3-BF4B-00C04F79EFBC}") = "DrawRectangle", "DrawRectangle\DrawRectangle.csproj", "{2A2DD2CC-993E-4B29-8E7E-49C93ABD3630}"
EndProject
Project("{FAE04EC0-301F-11D3-BF4B-00C04F79EFBC}") = "UnitTestProject2", "UnitTestProject2\UnitTestProject2.csproj", "{10C14F5B-F181-48B0-B33C-5572750E09AE}"
EndProject
Global
	GlobalSection(SolutionConfigurationPlatforms) = preSolution
		Debug|Any CPU = Debug|Any CPU
		Release|Any CPU = Release|Any CPU
	EndGlobalSection
	GlobalSection(ProjectConfigurationPlatforms) = postSolution
		{2A2DD2CC-993E-4B29-8E7E-49C93ABD3630}.Debug|Any CPU.ActiveCfg = Debug|Any CPU
		{2A2DD2CC-993E-4B29-8E7E-49C93ABD3630}.Debug|Any CPU.Build.0 = Debug|Any CPU
		{2A2DD2CC-993E-4B29-8E7E-49C93ABD3630}.Release|Any CPU.ActiveCfg = Release|Any CPU
		{2A2DD2CC-993E-4B29-8E7E-49C93ABD3630}.Release|Any CPU.Build.0 = Release|Any CPU
		{10C14F5B-F181-48B0-B33C-5572750E09AE}.Debug|Any CPU.ActiveCfg = Debug|Any CPU
		{10C14F5B-F181-48B0-B33C-5572750E09AE}.Debug|Any CPU.Build.0 = Debug|Any CPU
		{10C14F5B-F181-48B0-B33C-5572750E09AE}.Release|Any CPU.ActiveCfg = Release|Any CPU
		{10C14F5B-F181-48B0-B33C-5572750E09AE}.Release|Any CPU.Build.0 = Release|Any CPU
	EndGlobalSection
	GlobalSection(SolutionProperties) = preSolution
		HideSolutionNode = FALSE
	EndGlobalSection
	GlobalSection(ExtensibilityGlobals) = postSolution
		SolutionGuid = {38528B5B-1A6C-4376-9A2C-DEABFBE136FD}
	EndGlobalSection
EndGlobal
